
Microsoft Visual Studio Solution File, Format Version 12.00
# Visual Studio Version 17
VisualStudioVersion = 17.5.33414.496
MinimumVisualStudioVersion = 10.0.40219.1
Project("{FAE04EC0-301F-11D3-BF4B-00C04F79EFBC}") = "Projet", "Projet.csproj", "{82C6A581-BBA4-4FED-B736-F2B52548F812}"
EndProject
Global
	GlobalSection(SolutionConfigurationPlatforms) = preSolution
		Debug|Any CPU = Debug|Any CPU
		Release|Any CPU = Release|Any CPU
	EndGlobalSection
	GlobalSection(ProjectConfigurationPlatforms) = postSolution
		{82C6A581-BBA4-4FED-B736-F2B52548F812}.Debug|Any CPU.ActiveCfg = Debug|Any CPU
		{82C6A581-BBA4-4FED-B736-F2B52548F812}.Debug|Any CPU.Build.0 = Debug|Any CPU
		{82C6A581-BBA4-4FED-B736-F2B52548F812}.Release|Any CPU.ActiveCfg = Release|Any CPU
		{82C6A581-BBA4-4FED-B736-F2B52548F812}.Release|Any CPU.Build.0 = Release|Any CPU
	EndGlobalSection
	GlobalSection(SolutionProperties) = preSolution
		HideSolutionNode = FALSE
	EndGlobalSection
	GlobalSection(ExtensibilityGlobals) = postSolution
		SolutionGuid = {5219F162-F670-4B2A-BB35-3AEEDF50894D}
	EndGlobalSection
EndGlobal
